github.com/davecgh/go-spew v1.1.1 h1:vj9j/u1bqnvCEfJOwUhtlOARqs3+rkHYY13jYWTU97c=
github.com/davecgh/go-spew v1.1.1/go.mod h1:J7Y8YcW2NihsgmVo/mv3lAwl/skON4iLHjSsI+c5H38=
github.com/fgrzl/claims v0.0.1-alpha.15 h1:FmKiM79vkMPILrZTUGcmM+C5zkpZEC3NpbGzl9g3tck=
github.com/fgrzl/claims v0.0.1-alpha.15/go.mod h1:sN7zr8FIiKmESWghf+BuKvPpliLMUjkeQp93S/Z/imE=
github.com/fgrzl/enumerators v0.0.0-20250410102914-6a54f0117505 h1:qm0V7nCd2UaOmbh4v+pIJdbmn8RK8Fbyn9X/YXP+Ftg=
github.com/fgrzl/enumerators v0.0.0-20250410102914-6a54f0117505/go.mod h1:Pynok/rNO4rJm01+5BLFXVdhSBpRDrjrJoASzpisCkc=
github.com/fgrzl/es v0.0.0-20250501132443-78c951391684 h1:4/uoctvgR67oUzanvTf2QkIaXnL8tgIZZIIzQzFDVFg=
github.com/fgrzl/es v0.0.0-20250501132443-78c951391684/go.mod h1:n2d7nTXA8rQLV8dN9FwrZS/gLirHwwowIC44D/J3CFQ=
github.com/fgrzl/json v0.0.1-alpha.29 h1:fWnYt+BG0rSaXTkskB/GMNtRrdjQAyrHJ4L3UcHp/aw=
github.com/fgrzl/json v0.0.1-alpha.29/go.mod h1:L7IAn4wOCSsQGJ44XZePleqf7/tAZPgBDC6A3Egv9e8=
github.com/fgrzl/lexkey v0.1.0-alpha.15 h1:iRxvVxAH5V3cMi4zluKIzjnQQk2DwfBrjx/kYHJNjG4=
github.com/fgrzl/lexkey v0.1.0-alpha.15/go.mod h1:DfrNX28YpZvrxyDm+jYQ6Jv2pJbZxQoMS1dcBSwBv58=
github.com/fgrzl/messaging v0.0.1-alpha.47 h1:ViG/+UD5Wn9kEJ/RUMyMADMXCEQsWdf4+a9+p3Wvcnw=
github.com/fgrzl/messaging v0.0.1-alpha.47/go.mod h1:bc9pt7iqzZOeHn/p8a27IMKjRvVS7Imi0enjpvd7ltg=
github.com/fgrzl/streams v0.0.0-20250414163655-c4d2d61a9704 h1:wVlSMrfiohN5D4b1qsEsFr2h6XrUiBWSpWHzyjwfF8U=
github.com/fgrzl/streams v0.0.0-20250414163655-c4d2d61a9704/go.mod h1:p9o1Gv+Ix+reY42J65EVK3mm0hozRM85c3OQtV61lqQ=
github.com/fgrzl/tickle v0.0.0-20250326142409-26a8ec1d1519 h1:omNh8HjkDKv99svi4ndtPC7xKMIvLw64197pwOayJqA=
github.com/fgrzl/tickle v0.0.0-20250326142409-26a8ec1d1519/go.mod h1:LPt4T6+pz9tCQg+E7AGe6oprQNU+2SJRD0kOEqwnBdo=
github.com/fgrzl/timestamp v0.0.0-20250225130908-89948d7bd71d h1:h70KpLp2smJW5eb7pvESk40lsYM3VoFCJmJ/7Y4cs1Y=
github.com/fgrzl/timestamp v0.0.0-20250225130908-89948d7bd71d/go.mod h1:P+pm97eJskSlGp6EpOwz6CBXzRZTWMaL7UQG2IcCHrw=
github.com/golang/snappy v1.0.0 h1:Oy607GVXHs7RtbggtPBnr2RmDArIsAefDwvrdWvRhGs=
github.com/golang/snappy v1.0.0/go.mod h1:/XxbfmMg8lxefKM7IXC3fBNl/7bRcc72aCRzEWrmP2Q=
github.com/google/uuid v1.6.0 h1:NIvaJDMOsjHA8n1jAhLSgzrAzy1Hgr+hNrb57e+94F0=
github.com/google/uuid v1.6.0/go.mod h1:TIyPZe4MgqvfeYDBFedMoGGpEw/LqOeaOT+nhxU+yHo=
github.com/kr/pretty v0.3.1 h1:flRD4NNwYAUpkphVc1HcthR4KEIFJ65n8Mw5qdRn3LE=
github.com/kr/pretty v0.3.1/go.mod h1:hoEshYVHaxMs3cyo3Yncou5ZscifuDolrwPKZanG3xk=
github.com/kr/text v0.2.0 h1:5Nx0Ya0ZqY2ygV366QzturHI13Jq95ApcVaJBhpS+AY=
github.com/kr/text v0.2.0/go.mod h1:eLer722TekiGuMkidMxC/pM04lWEeraHUUmBw8l2grE=
github.com/pmezard/go-difflib v1.0.0 h1:4DBwDE0NGyQoBHbLQYPwSUPoCMWR5BEzIk/f1lZbAQM=
github.com/pmezard/go-difflib v1.0.0/go.mod h1:iKH77koFhYxTK1pcRnkKkqfTogsbg7gZNVY4sRDYZ/4=
github.com/rogpeppe/go-internal v1.14.1 h1:UQB4HGPB6osV0SQTLymcB4TgvyWu6ZyliaW0tI/otEQ=
github.com/rogpeppe/go-internal v1.14.1/go.mod h1:MaRKkUm5W0goXpeCfT7UZI6fk/L7L7so1lCWt35ZSgc=
github.com/stretchr/testify v1.10.0 h1:Xv5erBjTwe/5IxqUQTdXv5kgmIvbHo3QQyRwhJsOfJA=
github.com/stretchr/testify v1.10.0/go.mod h1:r2ic/lqez/lEtzL7wO/rwa5dbSLXVDPFyf8C91i36aY=
golang.org/x/exp v0.0.0-20250408133849-7e4ce0ab07d0 h1:R84qjqJb5nVJMxqWYb3np9L5ZsaDtB+a39EqjV0JSUM=
golang.org/x/exp v0.0.0-20250408133849-7e4ce0ab07d0/go.mod h1:S9Xr4PYopiDyqSyp5NjCrhFrqg6A5zA2E/iPHPhqnS8=
gopkg.in/check.v1 v0.0.0-20161208181325-20d25e280405/go.mod h1:Co6ibVJAznAaIkqp8huTwlJQCZ016jof/cbN4VW5Yz0=
gopkg.in/check.v1 v1.0.0-20201130134442-10cb98267c6c h1:Hei/4ADfdWqJk1ZMxUNpqntNwaWcugrBjAiHlqqRiVk=
gopkg.in/check.v1 v1.0.0-20201130134442-10cb98267c6c/go.mod h1:JHkPIbrfpd72SG/EVd6muEfDQjcINNoR0C8j2r3qZ4Q=
gopkg.in/yaml.v3 v3.0.1 h1:fxVm/GzAzEWqLHuvctI91KS9hhNmmWOoWu0XTYJS7CA=
gopkg.in/yaml.v3 v3.0.1/go.mod h1:K4uyk7z7BCEPqu6E+C64Yfv1cQ7kz7rIZviUmN+EgEM=
